
Microsoft Visual Studio Solution File, Format Version 12.00
# Visual Studio Version 17
VisualStudioVersion = 17.1.32328.378
MinimumVisualStudioVersion = 10.0.40219.1
Project("{9A19103F-16F7-4668-BE54-9A1E7A4F7556}") = "BlazorComponents", "BlazorComponents\BlazorComponents.csproj", "{6E5D1B52-BD04-47DA-A176-B35435219642}"
EndProject
Project("{9A19103F-16F7-4668-BE54-9A1E7A4F7556}") = "WinFormsControls", "WinFormsControls\WinFormsControls.csproj", "{511501C8-87EF-4CFF-909C-52F4D399505B}"
EndProject
Project("{9A19103F-16F7-4668-BE54-9A1E7A4F7556}") = "WinFormsApp1", "WinFormsApp1\WinFormsApp1.csproj", "{60ACAC7F-3E30-4FB4-AB9C-C8E37720F0B0}"
EndProject
Project("{9A19103F-16F7-4668-BE54-9A1E7A4F7556}") = "WpfControls", "WpfControls\WpfControls.csproj", "{84719C7D-A0C6-4DB2-A26D-580286F6B40D}"
EndProject
Project("{9A19103F-16F7-4668-BE54-9A1E7A4F7556}") = "WpfApp2", "WpfApp2\WpfApp2.csproj", "{91C9162F-B47B-48BB-9885-79FF4371E660}"
EndProject
Global
	GlobalSection(SolutionConfigurationPlatforms) = preSolution
		Debug|Any CPU = Debug|Any CPU
		Release|Any CPU = Release|Any CPU
	EndGlobalSection
	GlobalSection(ProjectConfigurationPlatforms) = postSolution
		{6E5D1B52-BD04-47DA-A176-B35435219642}.Debug|Any CPU.ActiveCfg = Debug|Any CPU
		{6E5D1B52-BD04-47DA-A176-B35435219642}.Debug|Any CPU.Build.0 = Debug|Any CPU
		{6E5D1B52-BD04-47DA-A176-B35435219642}.Release|Any CPU.ActiveCfg = Release|Any CPU
		{6E5D1B52-BD04-47DA-A176-B35435219642}.Release|Any CPU.Build.0 = Release|Any CPU
		{511501C8-87EF-4CFF-909C-52F4D399505B}.Debug|Any CPU.ActiveCfg = Debug|Any CPU
		{511501C8-87EF-4CFF-909C-52F4D399505B}.Debug|Any CPU.Build.0 = Debug|Any CPU
		{511501C8-87EF-4CFF-909C-52F4D399505B}.Release|Any CPU.ActiveCfg = Release|Any CPU
		{511501C8-87EF-4CFF-909C-52F4D399505B}.Release|Any CPU.Build.0 = Release|Any CPU
		{60ACAC7F-3E30-4FB4-AB9C-C8E37720F0B0}.Debug|Any CPU.ActiveCfg = Debug|Any CPU
		{60ACAC7F-3E30-4FB4-AB9C-C8E37720F0B0}.Debug|Any CPU.Build.0 = Debug|Any CPU
		{60ACAC7F-3E30-4FB4-AB9C-C8E37720F0B0}.Release|Any CPU.ActiveCfg = Release|Any CPU
		{60ACAC7F-3E30-4FB4-AB9C-C8E37720F0B0}.Release|Any CPU.Build.0 = Release|Any CPU
		{84719C7D-A0C6-4DB2-A26D-580286F6B40D}.Debug|Any CPU.ActiveCfg = Debug|Any CPU
		{84719C7D-A0C6-4DB2-A26D-580286F6B40D}.Debug|Any CPU.Build.0 = Debug|Any CPU
		{84719C7D-A0C6-4DB2-A26D-580286F6B40D}.Release|Any CPU.ActiveCfg = Release|Any CPU
		{84719C7D-A0C6-4DB2-A26D-580286F6B40D}.Release|Any CPU.Build.0 = Release|Any CPU
		{91C9162F-B47B-48BB-9885-79FF4371E660}.Debug|Any CPU.ActiveCfg = Debug|Any CPU
		{91C9162F-B47B-48BB-9885-79FF4371E660}.Debug|Any CPU.Build.0 = Debug|Any CPU
		{91C9162F-B47B-48BB-9885-79FF4371E660}.Release|Any CPU.ActiveCfg = Release|Any CPU
		{91C9162F-B47B-48BB-9885-79FF4371E660}.Release|Any CPU.Build.0 = Release|Any CPU
	EndGlobalSection
	GlobalSection(SolutionProperties) = preSolution
		HideSolutionNode = FALSE
	EndGlobalSection
	GlobalSection(ExtensibilityGlobals) = postSolution
		SolutionGuid = {81D9C988-FABC-40EB-B33A-251B5F7EE1B8}
	EndGlobalSection
EndGlobal
